
Microsoft Visual Studio Solution File, Format Version 12.00
Project("{FAE04EC0-301F-11D3-BF4B-00C04F79EFBC}") = "Viscoin.Bot", "Viscoin.Bot\Viscoin.Bot.csproj", "{B8C4ED91-1D17-4FCC-90D1-4B3BE06E46B3}"
EndProject
Global
	GlobalSection(SolutionConfigurationPlatforms) = preSolution
		Debug|Any CPU = Debug|Any CPU
		Release|Any CPU = Release|Any CPU
	EndGlobalSection
	GlobalSection(ProjectConfigurationPlatforms) = postSolution
		{B8C4ED91-1D17-4FCC-90D1-4B3BE06E46B3}.Debug|Any CPU.ActiveCfg = Debug|Any CPU
		{B8C4ED91-1D17-4FCC-90D1-4B3BE06E46B3}.Debug|Any CPU.Build.0 = Debug|Any CPU
		{B8C4ED91-1D17-4FCC-90D1-4B3BE06E46B3}.Release|Any CPU.ActiveCfg = Release|Any CPU
		{B8C4ED91-1D17-4FCC-90D1-4B3BE06E46B3}.Release|Any CPU.Build.0 = Release|Any CPU
	EndGlobalSection
EndGlobal
